
Microsoft Visual Studio Solution File, Format Version 12.00
# Visual Studio Version 16
VisualStudioVersion = 16.0.30907.101
MinimumVisualStudioVersion = 10.0.40219.1
Project("{FAE04EC0-301F-11D3-BF4B-00C04F79EFBC}") = "Task 4 Using data types and parsing", "Task 4 Using data types and parsing\Task 4 Using data types and parsing.csproj", "{D675F440-0441-4F4B-AB0C-ED571EABEA6A}"
EndProject
Global
	GlobalSection(SolutionConfigurationPlatforms) = preSolution
		Debug|Any CPU = Debug|Any CPU
		Release|Any CPU = Release|Any CPU
	EndGlobalSection
	GlobalSection(ProjectConfigurationPlatforms) = postSolution
		{D675F440-0441-4F4B-AB0C-ED571EABEA6A}.Debug|Any CPU.ActiveCfg = Debug|Any CPU
		{D675F440-0441-4F4B-AB0C-ED571EABEA6A}.Debug|Any CPU.Build.0 = Debug|Any CPU
		{D675F440-0441-4F4B-AB0C-ED571EABEA6A}.Release|Any CPU.ActiveCfg = Release|Any CPU
		{D675F440-0441-4F4B-AB0C-ED571EABEA6A}.Release|Any CPU.Build.0 = Release|Any CPU
	EndGlobalSection
	GlobalSection(SolutionProperties) = preSolution
		HideSolutionNode = FALSE
	EndGlobalSection
	GlobalSection(ExtensibilityGlobals) = postSolution
		SolutionGuid = {125418FE-916C-4120-BABF-A00E2CF7AD44}
	EndGlobalSection
EndGlobal
